
Microsoft Visual Studio Solution File, Format Version 12.00
# Visual Studio Version 16
VisualStudioVersion = 16.0.33423.256
MinimumVisualStudioVersion = 10.0.40219.1
Project("{FAE04EC0-301F-11D3-BF4B-00C04F79EFBC}") = "Painting", "Painting\Painting.csproj", "{366B5D25-F2D1-403F-9A1E-B61CB30AE80B}"
EndProject
Global
	GlobalSection(SolutionConfigurationPlatforms) = preSolution
		Debug|Any CPU = Debug|Any CPU
		Release|Any CPU = Release|Any CPU
	EndGlobalSection
	GlobalSection(ProjectConfigurationPlatforms) = postSolution
		{366B5D25-F2D1-403F-9A1E-B61CB30AE80B}.Debug|Any CPU.ActiveCfg = Debug|Any CPU
		{366B5D25-F2D1-403F-9A1E-B61CB30AE80B}.Debug|Any CPU.Build.0 = Debug|Any CPU
		{366B5D25-F2D1-403F-9A1E-B61CB30AE80B}.Release|Any CPU.ActiveCfg = Release|Any CPU
		{366B5D25-F2D1-403F-9A1E-B61CB30AE80B}.Release|Any CPU.Build.0 = Release|Any CPU
	EndGlobalSection
	GlobalSection(SolutionProperties) = preSolution
		HideSolutionNode = FALSE
	EndGlobalSection
	GlobalSection(ExtensibilityGlobals) = postSolution
		SolutionGuid = {2357E299-6D15-422A-9FDD-1A092857054A}
	EndGlobalSection
EndGlobal
